
Microsoft Visual Studio Solution File, Format Version 12.00
# Visual Studio Version 17
VisualStudioVersion = 17.14.36518.9 d17.14
MinimumVisualStudioVersion = 10.0.40219.1
Project("{FAE04EC0-301F-11D3-BF4B-00C04F79EFBC}") = "Tytech_Application", "Tytech_Application.csproj", "{03D64FAF-1565-4DEC-86EA-0207C1F5F14A}"
EndProject
Global
	GlobalSection(SolutionConfigurationPlatforms) = preSolution
		Debug|Any CPU = Debug|Any CPU
		Release|Any CPU = Release|Any CPU
	EndGlobalSection
	GlobalSection(ProjectConfigurationPlatforms) = postSolution
		{03D64FAF-1565-4DEC-86EA-0207C1F5F14A}.Debug|Any CPU.ActiveCfg = Debug|Any CPU
		{03D64FAF-1565-4DEC-86EA-0207C1F5F14A}.Debug|Any CPU.Build.0 = Debug|Any CPU
		{03D64FAF-1565-4DEC-86EA-0207C1F5F14A}.Release|Any CPU.ActiveCfg = Release|Any CPU
		{03D64FAF-1565-4DEC-86EA-0207C1F5F14A}.Release|Any CPU.Build.0 = Release|Any CPU
	EndGlobalSection
	GlobalSection(SolutionProperties) = preSolution
		HideSolutionNode = FALSE
	EndGlobalSection
	GlobalSection(ExtensibilityGlobals) = postSolution
		SolutionGuid = {B551BDF4-6BFC-4AE9-937D-B92E1478EC02}
	EndGlobalSection
EndGlobal
